
Microsoft Visual Studio Solution File, Format Version 12.00
# Visual Studio Version 16
VisualStudioVersion = 16.0.30128.36
MinimumVisualStudioVersion = 10.0.40219.1
Project("{FAE04EC0-301F-11D3-BF4B-00C04F79EFBC}") = "NodeVersions", "NodeVersions\NodeVersions.csproj", "{77246697-3E16-4351-ABEC-8B3142B1B386}"
EndProject
Global
	GlobalSection(SolutionConfigurationPlatforms) = preSolution
		Debug|Any CPU = Debug|Any CPU
		Release|Any CPU = Release|Any CPU
	EndGlobalSection
	GlobalSection(ProjectConfigurationPlatforms) = postSolution
		{77246697-3E16-4351-ABEC-8B3142B1B386}.Debug|Any CPU.ActiveCfg = Debug|Any CPU
		{77246697-3E16-4351-ABEC-8B3142B1B386}.Debug|Any CPU.Build.0 = Debug|Any CPU
		{77246697-3E16-4351-ABEC-8B3142B1B386}.Release|Any CPU.ActiveCfg = Release|Any CPU
		{77246697-3E16-4351-ABEC-8B3142B1B386}.Release|Any CPU.Build.0 = Release|Any CPU
	EndGlobalSection
	GlobalSection(SolutionProperties) = preSolution
		HideSolutionNode = FALSE
	EndGlobalSection
	GlobalSection(ExtensibilityGlobals) = postSolution
		SolutionGuid = {1D220FB1-43CD-4442-9BA5-A7365E87885A}
	EndGlobalSection
EndGlobal
